
Microsoft Visual Studio Solution File, Format Version 12.00
# Visual Studio 14
VisualStudioVersion = 14.0.25420.1
MinimumVisualStudioVersion = 10.0.40219.1
Project("{2150E333-8FDC-42A3-9474-1A3956D46DE8}") = "Domain", "Domain", "{06DE58B1-5FA0-4FAF-9116-6170AC3A300F}"
EndProject
Project("{2150E333-8FDC-42A3-9474-1A3956D46DE8}") = "Application", "Application", "{8B868147-617F-4F49-87A2-1161AB277856}"
EndProject
Project("{2150E333-8FDC-42A3-9474-1A3956D46DE8}") = "Persitance", "Persitance", "{6C9F61E4-E411-4FAB-A44F-17118F8120DF}"
EndProject
Project("{2150E333-8FDC-42A3-9474-1A3956D46DE8}") = "Infrastracture", "Infrastracture", "{7F286E11-4580-4B46-AC98-5161FC161D21}"
EndProject
Project("{2150E333-8FDC-42A3-9474-1A3956D46DE8}") = "Common", "Common", "{005FA826-C926-4713-A863-A5229809754B}"
EndProject
Project("{2150E333-8FDC-42A3-9474-1A3956D46DE8}") = "Persentation", "Persentation", "{856686DD-AAF1-4AAC-B920-67283152BEAF}"
EndProject
Project("{2150E333-8FDC-42A3-9474-1A3956D46DE8}") = "Specification", "Specification", "{11672935-F4B4-45F4-B197-165CDA00EA34}"
EndProject
Global
	GlobalSection(SolutionProperties) = preSolution
		HideSolutionNode = FALSE
	EndGlobalSection
EndGlobal
